{
  "requires": true,
  "lockfileVersion": 1,
  "dependencies": {
    "bootstrap": {
      "version": "4.6.0",
      "resolved": "https://registry.npmjs.org/bootstrap/-/bootstrap-4.6.0.tgz",
      "integrity": "sha512-Io55IuQY3kydzHtbGvQya3H+KorS/M9rSNyfCGCg9WZ4pyT/lCxIlpJgG1GXW/PswzC84Tr2fBYi+7+jFVQQBw=="
    },
    "fancybox": {
      "version": "3.0.1",
      "resolved": "https://registry.npmjs.org/fancybox/-/fancybox-3.0.1.tgz",
      "integrity": "sha512-HZ57O6j5Zk4Uvusd5pNUgWi7CCjKx+HFlCzjMPeRJ//0bQWUK+xVpkn3EzXWJate4ZSKNFP9kU2l49MP1g+oow=="
    },
    "jquery": {
      "version": "3.6.0",
      "resolved": "https://registry.npmjs.org/jquery/-/jquery-3.6.0.tgz",
      "integrity": "sha512-JVzAR/AjBvVt2BmYhxRCSYysDsPcssdmTFnzyLEts9qNwmjmu4JTAMYubEfwVOSwpQ1I1sKKFcxhZCI2buerfw=="
    },
    "masonry-layout": {
      "version": "4.2.2",
      "resolved": "https://registry.npmjs.org/masonry-layout/-/masonry-layout-4.2.2.tgz",
      "integrity": "sha512-iGtAlrpHNyxaR19CvKC3npnEcAwszXoyJiI8ARV2ePi7fmYhIud25MHK8Zx4P0LCC4d3TNO9+rFa1KoK1OEOaA==",
      "requires": {
        "get-size": "^2.0.2",
        "outlayer": "^2.1.0"
      }
    },
    "mburger-css": {
      "version": "1.3.3",
      "resolved": "https://registry.npmjs.org/mburger-css/-/mburger-css-1.3.3.tgz",
      "integrity": "sha512-Dfu/45Hl8XbHW87NWhefbGCu6asPPbpA2KXki3Ah3fyeiXH/R4km1EiAf/CxmDDd/R3401HSF8FcWr3hWKgBhg=="
    },
    "mmenu-js": {
      "version": "8.5.24",
      "resolved": "https://registry.npmjs.org/mmenu-js/-/mmenu-js-8.5.24.tgz",
      "integrity": "sha512-IfWtD2J13mLv2g3NOVNsfiDiWutzdLsFkNeFrtlWYKYVT/UnycXA/ud7buXw6BWZkhJpW7zIGLNGzTkaBsKgkQ=="
    },
    "swiper": {
      "version": "6.7.5",
      "resolved": "https://registry.npmjs.org/swiper/-/swiper-6.7.5.tgz",
      "integrity": "sha512-KaTjO93tZyMpxWHaey+T+H/JeePMZV/joZWhZaor76Xk+rPGmjOz1S8mXSyrRkaW0p0LOJYeWGB8d0gYxSSV/Q==",
      "requires": {
        "dom7": "^3.0.0",
        "ssr-window": "^3.0.0"
      }
    }
  }
}
