# THIS IS AN AUTOGENERATED FILE. DO NOT EDIT THIS FILE DIRECTLY.
# yarn lockfile v1


bootstrap@4.6.0:
  version "4.6.0"
  resolved "https://registry.yarnpkg.com/bootstrap/-/bootstrap-4.6.0.tgz#97b9f29ac98f98dfa43bf7468262d84392552fd7"
  integrity sha512-Io55IuQY3kydzHtbGvQya3H+KorS/M9rSNyfCGCg9WZ4pyT/lCxIlpJgG1GXW/PswzC84Tr2fBYi+7+jFVQQBw==

desandro-matches-selector@^2.0.0:
  version "2.0.2"
  resolved "https://registry.yarnpkg.com/desandro-matches-selector/-/desandro-matches-selector-2.0.2.tgz#717beed4dc13e7d8f3762f707a6d58a6774218e1"
  integrity sha1-cXvu1NwT59jzdi9wem1YpndCGOE=

dom7@^3.0.0:
  version "3.0.0"
  resolved "https://registry.yarnpkg.com/dom7/-/dom7-3.0.0.tgz#b861ce5d67a6becd7aaa3ad02942ff14b1240331"
  integrity sha512-oNlcUdHsC4zb7Msx7JN3K0Nro1dzJ48knvBOnDPKJ2GV9wl1i5vydJZUSyOfrkKFDZEud/jBsTk92S/VGSAe/g==
  dependencies:
    ssr-window "^3.0.0-alpha.1"

ev-emitter@^1.0.0:
  version "1.1.1"
  resolved "https://registry.yarnpkg.com/ev-emitter/-/ev-emitter-1.1.1.tgz#8f18b0ce5c76a5d18017f71c0a795c65b9138f2a"
  integrity sha512-ipiDYhdQSCZ4hSbX4rMW+XzNKMD1prg/sTvoVmSLkuQ1MVlwjJQQA+sW8tMYR3BLUr9KjodFV4pvzunvRhd33Q==

fancybox@3.0.1:
  version "3.0.1"
  resolved "https://registry.yarnpkg.com/fancybox/-/fancybox-3.0.1.tgz#13f6927449157ed026c69e78c2ba5bf0f1da9af7"
  integrity sha512-HZ57O6j5Zk4Uvusd5pNUgWi7CCjKx+HFlCzjMPeRJ//0bQWUK+xVpkn3EzXWJate4ZSKNFP9kU2l49MP1g+oow==

fizzy-ui-utils@^2.0.0:
  version "2.0.7"
  resolved "https://registry.yarnpkg.com/fizzy-ui-utils/-/fizzy-ui-utils-2.0.7.tgz#7df45dcc4eb374a08b65d39bb9a4beedf7330505"
  integrity sha512-CZXDVXQ1If3/r8s0T+v+qVeMshhfcuq0rqIFgJnrtd+Bu8GmDmqMjntjUePypVtjHXKJ6V4sw9zeyox34n9aCg==
  dependencies:
    desandro-matches-selector "^2.0.0"

get-size@^2.0.2:
  version "2.0.3"
  resolved "https://registry.yarnpkg.com/get-size/-/get-size-2.0.3.tgz#54a1d0256b20ea7ac646516756202769941ad2ef"
  integrity sha512-lXNzT/h/dTjTxRbm9BXb+SGxxzkm97h/PCIKtlN/CBCxxmkkIVV21udumMS93MuVTDX583gqc94v3RjuHmI+2Q==

jquery@3.6.0:
  version "3.6.0"
  resolved "https://registry.yarnpkg.com/jquery/-/jquery-3.6.0.tgz#c72a09f15c1bdce142f49dbf1170bdf8adac2470"
  integrity sha512-JVzAR/AjBvVt2BmYhxRCSYysDsPcssdmTFnzyLEts9qNwmjmu4JTAMYubEfwVOSwpQ1I1sKKFcxhZCI2buerfw==

masonry-layout@4.2.2:
  version "4.2.2"
  resolved "https://registry.yarnpkg.com/masonry-layout/-/masonry-layout-4.2.2.tgz#d57b44af13e601bfcdc423f1dd8348b5524de348"
  integrity sha512-iGtAlrpHNyxaR19CvKC3npnEcAwszXoyJiI8ARV2ePi7fmYhIud25MHK8Zx4P0LCC4d3TNO9+rFa1KoK1OEOaA==
  dependencies:
    get-size "^2.0.2"
    outlayer "^2.1.0"

mburger-css@1.3.3:
  version "1.3.3"
  resolved "https://registry.yarnpkg.com/mburger-css/-/mburger-css-1.3.3.tgz#9b5ef30baedf7bec37bff41e6d85b6cd0b61435e"
  integrity sha512-Dfu/45Hl8XbHW87NWhefbGCu6asPPbpA2KXki3Ah3fyeiXH/R4km1EiAf/CxmDDd/R3401HSF8FcWr3hWKgBhg==

mmenu-js@8.5.24:
  version "8.5.24"
  resolved "https://registry.yarnpkg.com/mmenu-js/-/mmenu-js-8.5.24.tgz#86011ac002be62da70a5848fd6a730fba84b31f1"
  integrity sha512-IfWtD2J13mLv2g3NOVNsfiDiWutzdLsFkNeFrtlWYKYVT/UnycXA/ud7buXw6BWZkhJpW7zIGLNGzTkaBsKgkQ==

outlayer@^2.1.0:
  version "2.1.1"
  resolved "https://registry.yarnpkg.com/outlayer/-/outlayer-2.1.1.tgz#29863b6de10ea5dadfffcadfa0d728907387e9a2"
  integrity sha1-KYY7beEOpdrf/8rfoNcokHOH6aI=
  dependencies:
    ev-emitter "^1.0.0"
    fizzy-ui-utils "^2.0.0"
    get-size "^2.0.2"

ssr-window@^3.0.0, ssr-window@^3.0.0-alpha.1:
  version "3.0.0"
  resolved "https://registry.yarnpkg.com/ssr-window/-/ssr-window-3.0.0.tgz#fd5b82801638943e0cc704c4691801435af7ac37"
  integrity sha512-q+8UfWDg9Itrg0yWK7oe5p/XRCJpJF9OBtXfOPgSJl+u3Xd5KI328RUEvUqSMVM9CiQUEf1QdBzJMkYGErj9QA==

swiper@6.7.5:
  version "6.7.5"
  resolved "https://registry.yarnpkg.com/swiper/-/swiper-6.7.5.tgz#8f150c7281919b7d6bea00889e9dc16448e92986"
  integrity sha512-KaTjO93tZyMpxWHaey+T+H/JeePMZV/joZWhZaor76Xk+rPGmjOz1S8mXSyrRkaW0p0LOJYeWGB8d0gYxSSV/Q==
  dependencies:
    dom7 "^3.0.0"
    ssr-window "^3.0.0"
